
Microsoft Visual Studio Solution File, Format Version 12.00
Project("{FAE04EC0-301F-11D3-BF4B-00C04F79EFBC}") = "WebApplication3", "WebApplication3.csproj", "{2948F371-173B-4D07-BFB8-31549E6204CC}"
EndProject
Global
	GlobalSection(SolutionConfigurationPlatforms) = preSolution
		Debug|Any CPU = Debug|Any CPU
		Release|Any CPU = Release|Any CPU
	EndGlobalSection
	GlobalSection(ProjectConfigurationPlatforms) = postSolution
		{2948F371-173B-4D07-BFB8-31549E6204CC}.Debug|Any CPU.ActiveCfg = Debug|Any CPU
		{2948F371-173B-4D07-BFB8-31549E6204CC}.Debug|Any CPU.Build.0 = Debug|Any CPU
		{2948F371-173B-4D07-BFB8-31549E6204CC}.Release|Any CPU.ActiveCfg = Release|Any CPU
		{2948F371-173B-4D07-BFB8-31549E6204CC}.Release|Any CPU.Build.0 = Release|Any CPU
	EndGlobalSection
EndGlobal
